Microsoft Visual Studio Solution File, Format Version 12.00
# Visual Studio Version 17
VisualStudioVersion = 17.12.35527.113
MinimumVisualStudioVersion = 10.0.40219.1
Project("{9A19103F-16F7-4668-BE54-9A1E7A4F7556}") = "LyricsTranslator.Core", "src\LyricsTranslator.Core\LyricsTranslator.Core.csproj", "{7C3E1D2A-4B8F-4E91-9C2A-1F6D8A0B3E11}"
EndProject
Project("{9A19103F-16F7-4668-BE54-9A1E7A4F7556}") = "LyricsTranslator.App", "src\LyricsTranslator.App\LyricsTranslator.App.csproj", "{2A9B6C4D-1E5F-4A70-8D3C-9B1E2F4A6C80}"
EndProject
Project("{9A19103F-16F7-4668-BE54-9A1E7A4F7556}") = "LyricsTranslator.Core.Tests", "tests\LyricsTranslator.Core.Tests\LyricsTranslator.Core.Tests.csproj", "{5D4E8F1A-3C2B-4A19-9E7D-0C8B6A5F4321}"
EndProject
Global
	GlobalSection(SolutionConfigurationPlatforms) = preSolution
		Debug|Any CPU = Debug|Any CPU
		Debug|x64 = Debug|x64
		Release|Any CPU = Release|Any CPU
		Release|x64 = Release|x64
	EndGlobalSection
	GlobalSection(ProjectConfigurationPlatforms) = postSolution
		{7C3E1D2A-4B8F-4E91-9C2A-1F6D8A0B3E11}.Debug|Any CPU.ActiveCfg = Debug|Any CPU
		{7C3E1D2A-4B8F-4E91-9C2A-1F6D8A0B3E11}.Debug|Any CPU.Build.0 = Debug|Any CPU
		{7C3E1D2A-4B8F-4E91-9C2A-1F6D8A0B3E11}.Debug|x64.ActiveCfg = Debug|Any CPU
		{7C3E1D2A-4B8F-4E91-9C2A-1F6D8A0B3E11}.Debug|x64.Build.0 = Debug|Any CPU
		{7C3E1D2A-4B8F-4E91-9C2A-1F6D8A0B3E11}.Release|Any CPU.ActiveCfg = Release|Any CPU
		{7C3E1D2A-4B8F-4E91-9C2A-1F6D8A0B3E11}.Release|Any CPU.Build.0 = Release|Any CPU
		{7C3E1D2A-4B8F-4E91-9C2A-1F6D8A0B3E11}.Release|x64.ActiveCfg = Release|Any CPU
		{7C3E1D2A-4B8F-4E91-9C2A-1F6D8A0B3E11}.Release|x64.Build.0 = Release|Any CPU
		{2A9B6C4D-1E5F-4A70-8D3C-9B1E2F4A6C80}.Debug|Any CPU.ActiveCfg = Debug|x64
		{2A9B6C4D-1E5F-4A70-8D3C-9B1E2F4A6C80}.Debug|x64.ActiveCfg = Debug|x64
		{2A9B6C4D-1E5F-4A70-8D3C-9B1E2F4A6C80}.Debug|x64.Build.0 = Debug|x64
		{2A9B6C4D-1E5F-4A70-8D3C-9B1E2F4A6C80}.Release|Any CPU.ActiveCfg = Release|x64
		{2A9B6C4D-1E5F-4A70-8D3C-9B1E2F4A6C80}.Release|x64.ActiveCfg = Release|x64
		{2A9B6C4D-1E5F-4A70-8D3C-9B1E2F4A6C80}.Release|x64.Build.0 = Release|x64
		{5D4E8F1A-3C2B-4A19-9E7D-0C8B6A5F4321}.Debug|Any CPU.ActiveCfg = Debug|Any CPU
		{5D4E8F1A-3C2B-4A19-9E7D-0C8B6A5F4321}.Debug|Any CPU.Build.0 = Debug|Any CPU
		{5D4E8F1A-3C2B-4A19-9E7D-0C8B6A5F4321}.Debug|x64.ActiveCfg = Debug|Any CPU
		{5D4E8F1A-3C2B-4A19-9E7D-0C8B6A5F4321}.Debug|x64.Build.0 = Debug|Any CPU
		{5D4E8F1A-3C2B-4A19-9E7D-0C8B6A5F4321}.Release|Any CPU.ActiveCfg = Release|Any CPU
		{5D4E8F1A-3C2B-4A19-9E7D-0C8B6A5F4321}.Release|Any CPU.Build.0 = Release|Any CPU
		{5D4E8F1A-3C2B-4A19-9E7D-0C8B6A5F4321}.Release|x64.ActiveCfg = Release|Any CPU
		{5D4E8F1A-3C2B-4A19-9E7D-0C8B6A5F4321}.Release|x64.Build.0 = Release|Any CPU
	EndGlobalSection
	GlobalSection(SolutionProperties) = preSolution
		HideSolutionNode = FALSE
	EndGlobalSection
EndGlobal
